
Microsoft Visual Studio Solution File, Format Version 12.00
# Visual Studio Version 17
VisualStudioVersion = 17.10.35122.118
MinimumVisualStudioVersion = 10.0.40219.1
Project("{9A19103F-16F7-4668-BE54-9A1E7A4F7556}") = "DeYasnoTelegramBot", "src\DeYasnoTelegramBot\DeYasnoTelegramBot.csproj", "{7B768A0E-CA85-4E03-BAA2-ECEA3FFD0949}"
EndProject
Project("{2150E333-8FDC-42A3-9474-1A3956D46DE8}") = "src", "src", "{DF81B01E-ADB5-45C6-BBDC-9EF333673165}"
EndProject
Global
	GlobalSection(SolutionConfigurationPlatforms) = preSolution
		Debug|Any CPU = Debug|Any CPU
		Release|Any CPU = Release|Any CPU
	EndGlobalSection
	GlobalSection(ProjectConfigurationPlatforms) = postSolution
		{7B768A0E-CA85-4E03-BAA2-ECEA3FFD0949}.Debug|Any CPU.ActiveCfg = Debug|Any CPU
		{7B768A0E-CA85-4E03-BAA2-ECEA3FFD0949}.Debug|Any CPU.Build.0 = Debug|Any CPU
		{7B768A0E-CA85-4E03-BAA2-ECEA3FFD0949}.Release|Any CPU.ActiveCfg = Release|Any CPU
		{7B768A0E-CA85-4E03-BAA2-ECEA3FFD0949}.Release|Any CPU.Build.0 = Release|Any CPU
	EndGlobalSection
	GlobalSection(SolutionProperties) = preSolution
		HideSolutionNode = FALSE
	EndGlobalSection
	GlobalSection(NestedProjects) = preSolution
		{7B768A0E-CA85-4E03-BAA2-ECEA3FFD0949} = {DF81B01E-ADB5-45C6-BBDC-9EF333673165}
	EndGlobalSection
	GlobalSection(ExtensibilityGlobals) = postSolution
		SolutionGuid = {B6D7C66B-705D-4301-A085-94471815F7AA}
	EndGlobalSection
EndGlobal
